
Microsoft Visual Studio Solution File, Format Version 12.00
# Visual Studio 15
VisualStudioVersion = 15.0.28307.779
MinimumVisualStudioVersion = 10.0.40219.1
Project("{FAE04EC0-301F-11D3-BF4B-00C04F79EFBC}") = "WpfApp1", "WpfApp1\WpfApp1.csproj", "{34A77289-001B-4623-A332-02C4216BB0B1}"
EndProject
Global
	GlobalSection(SolutionConfigurationPlatforms) = preSolution
		Debug|Any CPU = Debug|Any CPU
		Release|Any CPU = Release|Any CPU
	EndGlobalSection
	GlobalSection(ProjectConfigurationPlatforms) = postSolution
		{34A77289-001B-4623-A332-02C4216BB0B1}.Debug|Any CPU.ActiveCfg = Debug|Any CPU
		{34A77289-001B-4623-A332-02C4216BB0B1}.Debug|Any CPU.Build.0 = Debug|Any CPU
		{34A77289-001B-4623-A332-02C4216BB0B1}.Release|Any CPU.ActiveCfg = Release|Any CPU
		{34A77289-001B-4623-A332-02C4216BB0B1}.Release|Any CPU.Build.0 = Release|Any CPU
	EndGlobalSection
	GlobalSection(SolutionProperties) = preSolution
		HideSolutionNode = FALSE
	EndGlobalSection
	GlobalSection(ExtensibilityGlobals) = postSolution
		SolutionGuid = {719450F0-C78E-46FD-98A1-8064E394DEB5}
	EndGlobalSection
EndGlobal
